
Microsoft Visual Studio Solution File, Format Version 12.00
# Visual Studio Version 17
VisualStudioVersion = 17.0.31903.59
MinimumVisualStudioVersion = 10.0.40219.1
Project("{2150E333-8FDC-42A3-9474-1A3956D46DE8}") = "src", "src", "{631EEA39-701D-42F3-A6E0-F1FA50EC4F9A}"
EndProject
Project("{FAE04EC0-301F-11D3-BF4B-00C04F79EFBC}") = "CacheInvalidatorService", "src\CacheInvalidatorService\CacheInvalidatorService.csproj", "{57A2A533-4B7A-43FB-B8F5-DCFBF21F8F02}"
EndProject
Global
	GlobalSection(SolutionConfigurationPlatforms) = preSolution
		Debug|Any CPU = Debug|Any CPU
		Release|Any CPU = Release|Any CPU
	EndGlobalSection
	GlobalSection(SolutionProperties) = preSolution
		HideSolutionNode = FALSE
	EndGlobalSection
	GlobalSection(NestedProjects) = preSolution
		{57A2A533-4B7A-43FB-B8F5-DCFBF21F8F02} = {631EEA39-701D-42F3-A6E0-F1FA50EC4F9A}
	EndGlobalSection
	GlobalSection(ProjectConfigurationPlatforms) = postSolution
		{57A2A533-4B7A-43FB-B8F5-DCFBF21F8F02}.Debug|Any CPU.ActiveCfg = Debug|Any CPU
		{57A2A533-4B7A-43FB-B8F5-DCFBF21F8F02}.Debug|Any CPU.Build.0 = Debug|Any CPU
		{57A2A533-4B7A-43FB-B8F5-DCFBF21F8F02}.Release|Any CPU.ActiveCfg = Release|Any CPU
		{57A2A533-4B7A-43FB-B8F5-DCFBF21F8F02}.Release|Any CPU.Build.0 = Release|Any CPU
	EndGlobalSection
EndGlobal
